
Microsoft Visual Studio Solution File, Format Version 12.00
# Visual Studio Version 17
VisualStudioVersion = 17.8.34316.72
MinimumVisualStudioVersion = 10.0.40219.1
Project("{FAE04EC0-301F-11D3-BF4B-00C04F79EFBC}") = "HW17", "HW17\HW17.csproj", "{D0AB01E0-B330-4FBC-A4C5-D9170F57188B}"
EndProject
Global
	GlobalSection(SolutionConfigurationPlatforms) = preSolution
		Debug|Any CPU = Debug|Any CPU
		Release|Any CPU = Release|Any CPU
	EndGlobalSection
	GlobalSection(ProjectConfigurationPlatforms) = postSolution
		{D0AB01E0-B330-4FBC-A4C5-D9170F57188B}.Debug|Any CPU.ActiveCfg = Debug|Any CPU
		{D0AB01E0-B330-4FBC-A4C5-D9170F57188B}.Debug|Any CPU.Build.0 = Debug|Any CPU
		{D0AB01E0-B330-4FBC-A4C5-D9170F57188B}.Release|Any CPU.ActiveCfg = Release|Any CPU
		{D0AB01E0-B330-4FBC-A4C5-D9170F57188B}.Release|Any CPU.Build.0 = Release|Any CPU
	EndGlobalSection
	GlobalSection(SolutionProperties) = preSolution
		HideSolutionNode = FALSE
	EndGlobalSection
	GlobalSection(ExtensibilityGlobals) = postSolution
		SolutionGuid = {0F52A203-9FFE-4BE7-971C-EFC00F5492EC}
	EndGlobalSection
EndGlobal
